NeoBundleLock caw.vim 99b562ee5e5cca985195a5fde87ef1179d17ccfa
NeoBundleLock landscape.vim badf04bdf7eb5ca9d92d9dce4af661ad157d6f75
NeoBundleLock lightline.vim 967501e7a1cc96ef3aac596741e5ec30dc8ed566
NeoBundleLock neobundle.vim dd5208f9a7c60e9dd311b5a91d30e5367acece42
NeoBundleLock neocomplcache 778181767467b8f8016828898779a646074d883a
NeoBundleLock nerdtree 0b44415a3302030b56755cc1135ca9ca57dc1ada
NeoBundleLock open-browser.vim e17535850b8096b79907df9059fb43c51448f038
NeoBundleLock previm b130f24277e3c6a5afa3984921516b0a83b31d28
NeoBundleLock rust.vim fa1bccc2bfc223326fb28869ed0461f39c7fa04a
NeoBundleLock unite-colorscheme 3aa33866a183f7659594a3f6b66b2334eaebc6a0
NeoBundleLock unite-outline 76490c38cdd2545097af899bcc792f71403f1c50
NeoBundleLock unite.vim 816c3ae9c64753ce835f411a532d8fc8a195a796
NeoBundleLock vim-clang c2a3aed9895fdcfa1885bd7db382c13b56ce6c1e
NeoBundleLock vim-fugitive b7b23001def8d2ae816ff6dd772cd50976189e0e
NeoBundleLock vim-highlightIdeographicSpace 0c2749e696719bb620a63a2092f6644fd1c54a82
NeoBundleLock vim-javascript-syntax c907b157ab22c73c517e07d29f7a753bbf8b8206
NeoBundleLock vim-markdown 5ff124014066ba7882617c283e7750d449caafb4
NeoBundleLock vim-quickhl 239d9edf6d2d250b4be2511a15fcec077e10314f
NeoBundleLock vimtex 3abcc4a0a06240733bd41534ce5066da79cc9ac4
